{
  "originHash" : "728388097d1b3fa9558ae377b694945a2a9f0b6c670226aaf4de00602155a938",
  "pins" : [
    {
      "identity" : "base32",
      "kind" : "remoteSourceControl",
      "location" : "https://github.com/mattrubin/Base32",
      "state" : {
        "branch" : "1.1.2+spm",
        "revision" : "d185e44c8b355d34d5c6c6ad502c60cba4599f69"
      }
    },
    {
      "identity" : "favicon",
      "kind" : "remoteSourceControl",
      "location" : "https://github.com/leonbreedt/FavIcon",
      "state" : {
        "revision" : "5bf16aad3ea543891eaef7e8da2aa2f6bb29e6e4",
        "version" : "3.1.0"
      }
    },
    {
      "identity" : "keychainaccess",
      "kind" : "remoteSourceControl",
      "location" : "https://github.com/kishikawakatsumi/KeychainAccess",
      "state" : {
        "revision" : "84e546727d66f1adc5439debad16270d0fdd04e7",
        "version" : "4.2.2"
      }
    },
    {
      "identity" : "objective-git-swift-package",
      "kind" : "remoteSourceControl",
      "location" : "https://github.com/SimplyDanny/objective-git-swift-package",
      "state" : {
        "branch" : "0.18-passforios",
        "revision" : "752ea5689a1c0c0f9a8442df039e842a452cfcf0"
      }
    },
    {
      "identity" : "objectivepgp",
      "kind" : "remoteSourceControl",
      "location" : "https://github.com/krzyzanowskim/ObjectivePGP",
      "state" : {
        "revision" : "5629d849ec6c8f8ec733dffa9949c507468ec0b4",
        "version" : "0.99.4"
      }
    },
    {
      "identity" : "onetimepassword",
      "kind" : "remoteSourceControl",
      "location" : "https://github.com/mssun/OneTimePassword",
      "state" : {
        "revision" : "8d59e4abba762d0f1e9aed161081f7b3fe21daa0"
      }
    },
    {
      "identity" : "svprogresshud",
      "kind" : "remoteSourceControl",
      "location" : "https://github.com/SVProgressHUD/SVProgressHUD",
      "state" : {
        "revision" : "c33f7c775ba7feea6047a1fc3257f2e5863b44f7",
        "version" : "2.3.1"
      }
    },
    {
      "identity" : "swiftformat",
      "kind" : "remoteSourceControl",
      "location" : "https://github.com/nicklockwood/SwiftFormat",
      "state" : {
        "revision" : "468a7d32dedc8d352c191594b3b45d9fd8ba291b",
        "version" : "0.55.5"
      }
    },
    {
      "identity" : "swiftlintplugins",
      "kind" : "remoteSourceControl",
      "location" : "https://github.com/SimplyDanny/SwiftLintPlugins.git",
      "state" : {
        "revision" : "7a3d77f3dd9f91d5cea138e52c20cfceabf352de",
        "version" : "0.58.2"
      }
    },
    {
      "identity" : "swiftyuserdefaults",
      "kind" : "remoteSourceControl",
      "location" : "https://github.com/sunshinejr/SwiftyUserDefaults",
      "state" : {
        "revision" : "f66bcd04088582c8fbb5cb8554d577e303bae396",
        "version" : "5.3.0"
      }
    },
    {
      "identity" : "yubikit-ios",
      "kind" : "remoteSourceControl",
      "location" : "https://github.com/Yubico/yubikit-ios.git",
      "state" : {
        "revision" : "2c4206263763743a2f1ca3309b87432588be637f",
        "version" : "4.7.0"
      }
    }
  ],
  "version" : 3
}
