// !$*UTF8*$!
{
	archiveVersion = 1;
	classes = {
	};
	objectVersion = 46;
	objects = {

/* Begin PBXBuildFile section */
		DC3DC8391E2F63240062A988 /* PasswordDetailViewController.swift in Sources */ = {isa = PBXBuildFile; fileRef = DC3DC8381E2F63240062A988 /* PasswordDetailViewController.swift */; };
		DC917BD71E2E8231000FDF54 /* AppDelegate.swift in Sources */ = {isa = PBXBuildFile; fileRef = DC917BD61E2E8231000FDF54 /* AppDelegate.swift */; };
		DC917BDC1E2E8231000FDF54 /* Main.storyboard in Resources */ = {isa = PBXBuildFile; fileRef = DC917BDA1E2E8231000FDF54 /* Main.storyboard */; };
		DC917BDE1E2E8231000FDF54 /* Assets.xcassets in Resources */ = {isa = PBXBuildFile; fileRef = DC917BDD1E2E8231000FDF54 /* Assets.xcassets */; };
		DC917BE11E2E8231000FDF54 /* LaunchScreen.storyboard in Resources */ = {isa = PBXBuildFile; fileRef = DC917BDF1E2E8231000FDF54 /* LaunchScreen.storyboard */; };
		DC917BEF1E2F38C5000FDF54 /* Result.framework in Frameworks */ = {isa = PBXBuildFile; fileRef = DC917BEE1E2F38C5000FDF54 /* Result.framework */; };
		DC917BF11E2F38C9000FDF54 /* SwiftGit2.framework in Frameworks */ = {isa = PBXBuildFile; fileRef = DC917BF01E2F38C9000FDF54 /* SwiftGit2.framework */; };
		DC917BF31E2F3B42000FDF54 /* PasswordTableViewController.swift in Sources */ = {isa = PBXBuildFile; fileRef = DC917BF21E2F3B42000FDF54 /* PasswordTableViewController.swift */; };
		DC9C451C1E2F8CA7005845CA /* ChangeGitRepositoryTableViewController.swift in Sources */ = {isa = PBXBuildFile; fileRef = DC9C451B1E2F8CA7005845CA /* ChangeGitRepositoryTableViewController.swift */; };
		DCAAF7451E2FA66800AB94BC /* SettingsTableViewController.swift in Sources */ = {isa = PBXBuildFile; fileRef = DCAAF7441E2FA66800AB94BC /* SettingsTableViewController.swift */; };
		DCC277D21E30D6EA00402246 /* pass.xcdatamodeld in Sources */ = {isa = PBXBuildFile; fileRef = DCC408C81E30BA1300F29B0E /* pass.xcdatamodeld */; };
		DCC408A41E2FCC9E00F29B0E /* PasswordStore.swift in Sources */ = {isa = PBXBuildFile; fileRef = DCC408A31E2FCC9E00F29B0E /* PasswordStore.swift */; };
		DCC408C71E307DBB00F29B0E /* SVProgressHUD.framework in Frameworks */ = {isa = PBXBuildFile; fileRef = DCC408C61E307DBB00F29B0E /* SVProgressHUD.framework */; };
/* End PBXBuildFile section */

/* Begin PBXFileReference section */
		DC3DC8381E2F63240062A988 /* PasswordDetailViewController.swift */ = {isa = PBXFileReference; fileEncoding = 4; lastKnownFileType = sourcecode.swift; path = PasswordDetailViewController.swift; sourceTree = "<group>"; };
		DC917BD31E2E8231000FDF54 /* pass.app */ = {isa = PBXFileReference; explicitFileType = wrapper.application; includeInIndex = 0; path = pass.app; sourceTree = BUILT_PRODUCTS_DIR; };
		DC917BD61E2E8231000FDF54 /* AppDelegate.swift */ = {isa = PBXFileReference; lastKnownFileType = sourcecode.swift; path = AppDelegate.swift; sourceTree = "<group>"; };
		DC917BDB1E2E8231000FDF54 /* Base */ = {isa = PBXFileReference; lastKnownFileType = file.storyboard; name = Base; path = Base.lproj/Main.storyboard; sourceTree = "<group>"; };
		DC917BDD1E2E8231000FDF54 /* Assets.xcassets */ = {isa = PBXFileReference; lastKnownFileType = folder.assetcatalog; path = Assets.xcassets; sourceTree = "<group>"; };
		DC917BE01E2E8231000FDF54 /* Base */ = {isa = PBXFileReference; lastKnownFileType = file.storyboard; name = Base; path = Base.lproj/LaunchScreen.storyboard; sourceTree = "<group>"; };
		DC917BE21E2E8231000FDF54 /* Info.plist */ = {isa = PBXFileReference; lastKnownFileType = text.plist.xml; path = Info.plist; sourceTree = "<group>"; };
		DC917BEE1E2F38C5000FDF54 /* Result.framework */ = {isa = PBXFileReference; lastKnownFileType = wrapper.framework; name = Result.framework; path = Carthage/Build/iOS/Result.framework; sourceTree = "<group>"; };
		DC917BF01E2F38C9000FDF54 /* SwiftGit2.framework */ = {isa = PBXFileReference; lastKnownFileType = wrapper.framework; name = SwiftGit2.framework; path = Carthage/Build/iOS/SwiftGit2.framework; sourceTree = "<group>"; };
		DC917BF21E2F3B42000FDF54 /* PasswordTableViewController.swift */ = {isa = PBXFileReference; fileEncoding = 4; lastKnownFileType = sourcecode.swift; path = PasswordTableViewController.swift; sourceTree = "<group>"; };
		DC9C451B1E2F8CA7005845CA /* ChangeGitRepositoryTableViewController.swift */ = {isa = PBXFileReference; fileEncoding = 4; lastKnownFileType = sourcecode.swift; path = ChangeGitRepositoryTableViewController.swift; sourceTree = "<group>"; };
		DCAAF7441E2FA66800AB94BC /* SettingsTableViewController.swift */ = {isa = PBXFileReference; fileEncoding = 4; lastKnownFileType = sourcecode.swift; path = SettingsTableViewController.swift; sourceTree = "<group>"; };
		DCC408A31E2FCC9E00F29B0E /* PasswordStore.swift */ = {isa = PBXFileReference; fileEncoding = 4; lastKnownFileType = sourcecode.swift; path = PasswordStore.swift; sourceTree = "<group>"; };
		DCC408C61E307DBB00F29B0E /* SVProgressHUD.framework */ = {isa = PBXFileReference; lastKnownFileType = wrapper.framework; name = SVProgressHUD.framework; path = Carthage/Build/iOS/SVProgressHUD.framework; sourceTree = "<group>"; };
		DCC408C91E30BA1300F29B0E /* pass.xcdatamodel */ = {isa = PBXFileReference; lastKnownFileType = wrapper.xcdatamodel; path = pass.xcdatamodel; sourceTree = "<group>"; };
/* End PBXFileReference section */

/* Begin PBXFrameworksBuildPhase section */
		DC917BD01E2E8231000FDF54 /* Frameworks */ = {
			isa = PBXFrameworksBuildPhase;
			buildActionMask = 2147483647;
			files = (
				DC917BEF1E2F38C5000FDF54 /* Result.framework in Frameworks */,
				DC917BF11E2F38C9000FDF54 /* SwiftGit2.framework in Frameworks */,
				DCC408C71E307DBB00F29B0E /* SVProgressHUD.framework in Frameworks */,
			);
			runOnlyForDeploymentPostprocessing = 0;
		};
/* End PBXFrameworksBuildPhase section */

/* Begin PBXGroup section */
		DC917BCA1E2E8231000FDF54 = {
			isa = PBXGroup;
			children = (
				DC917BD51E2E8231000FDF54 /* pass */,
				DC917BD41E2E8231000FDF54 /* Products */,
				DC917BED1E2F38C4000FDF54 /* Frameworks */,
			);
			sourceTree = "<group>";
		};
		DC917BD41E2E8231000FDF54 /* Products */ = {
			isa = PBXGroup;
			children = (
				DC917BD31E2E8231000FDF54 /* pass.app */,
			);
			name = Products;
			sourceTree = "<group>";
		};
		DC917BD51E2E8231000FDF54 /* pass */ = {
			isa = PBXGroup;
			children = (
				DC917BF21E2F3B42000FDF54 /* PasswordTableViewController.swift */,
				DC917BD61E2E8231000FDF54 /* AppDelegate.swift */,
				DC917BDA1E2E8231000FDF54 /* Main.storyboard */,
				DCAAF7441E2FA66800AB94BC /* SettingsTableViewController.swift */,
				DCC408C81E30BA1300F29B0E /* pass.xcdatamodeld */,
				DC9C451B1E2F8CA7005845CA /* ChangeGitRepositoryTableViewController.swift */,
				DC3DC8381E2F63240062A988 /* PasswordDetailViewController.swift */,
				DC917BDD1E2E8231000FDF54 /* Assets.xcassets */,
				DC917BDF1E2E8231000FDF54 /* LaunchScreen.storyboard */,
				DC917BE21E2E8231000FDF54 /* Info.plist */,
				DCC408A31E2FCC9E00F29B0E /* PasswordStore.swift */,
			);
			path = pass;
			sourceTree = "<group>";
		};
		DC917BED1E2F38C4000FDF54 /* Frameworks */ = {
			isa = PBXGroup;
			children = (
				DCC408C61E307DBB00F29B0E /* SVProgressHUD.framework */,
				DC917BF01E2F38C9000FDF54 /* SwiftGit2.framework */,
				DC917BEE1E2F38C5000FDF54 /* Result.framework */,
			);
			name = Frameworks;
			sourceTree = "<group>";
		};
/* End PBXGroup section */

/* Begin PBXNativeTarget section */
		DC917BD21E2E8231000FDF54 /* pass */ = {
			isa = PBXNativeTarget;
			buildConfigurationList = DC917BE51E2E8231000FDF54 /* Build configuration list for PBXNativeTarget "pass" */;
			buildPhases = (
				DC917BCF1E2E8231000FDF54 /* Sources */,
				DC917BD01E2E8231000FDF54 /* Frameworks */,
				DC917BD11E2E8231000FDF54 /* Resources */,
				DC917BEC1E2F3659000FDF54 /* ShellScript */,
			);
			buildRules = (
			);
			dependencies = (
			);
			name = pass;
			productName = pass;
			productReference = DC917BD31E2E8231000FDF54 /* pass.app */;
			productType = "com.apple.product-type.application";
		};
/* End PBXNativeTarget section */

/* Begin PBXProject section */
		DC917BCB1E2E8231000FDF54 /* Project object */ = {
			isa = PBXProject;
			attributes = {
				LastSwiftUpdateCheck = 0820;
				LastUpgradeCheck = 0820;
				ORGANIZATIONNAME = "Bob Sun";
				TargetAttributes = {
					DC917BD21E2E8231000FDF54 = {
						CreatedOnToolsVersion = 8.2.1;
						DevelopmentTeam = 779BQYPRCF;
						ProvisioningStyle = Automatic;
					};
				};
			};
			buildConfigurationList = DC917BCE1E2E8231000FDF54 /* Build configuration list for PBXProject "pass" */;
			compatibilityVersion = "Xcode 3.2";
			developmentRegion = English;
			hasScannedForEncodings = 0;
			knownRegions = (
				en,
				Base,
			);
			mainGroup = DC917BCA1E2E8231000FDF54;
			productRefGroup = DC917BD41E2E8231000FDF54 /* Products */;
			projectDirPath = "";
			projectRoot = "";
			targets = (
				DC917BD21E2E8231000FDF54 /* pass */,
			);
		};
/* End PBXProject section */

/* Begin PBXResourcesBuildPhase section */
		DC917BD11E2E8231000FDF54 /* Resources */ = {
			isa = PBXResourcesBuildPhase;
			buildActionMask = 2147483647;
			files = (
				DC917BE11E2E8231000FDF54 /* LaunchScreen.storyboard in Resources */,
				DC917BDE1E2E8231000FDF54 /* Assets.xcassets in Resources */,
				DC917BDC1E2E8231000FDF54 /* Main.storyboard in Resources */,
			);
			runOnlyForDeploymentPostprocessing = 0;
		};
/* End PBXResourcesBuildPhase section */

/* Begin PBXShellScriptBuildPhase section */
		DC917BEC1E2F3659000FDF54 /* ShellScript */ = {
			isa = PBXShellScriptBuildPhase;
			buildActionMask = 12;
			files = (
			);
			inputPaths = (
				"$(SRCROOT)/Carthage/Build/iOS/SwiftGit2.framework",
				"$(SRCROOT)/Carthage/Build/iOS/Result.framework",
				"$(SRCROOT)/Carthage/Build/iOS/SVProgressHUD.framework",
			);
			outputPaths = (
			);
			runOnlyForDeploymentPostprocessing = 0;
			shellPath = /bin/sh;
			shellScript = "/usr/local/bin/carthage copy-frameworks";
		};
/* End PBXShellScriptBuildPhase section */

/* Begin PBXSourcesBuildPhase section */
		DC917BCF1E2E8231000FDF54 /* Sources */ = {
			isa = PBXSourcesBuildPhase;
			buildActionMask = 2147483647;
			files = (
				DC917BF31E2F3B42000FDF54 /* PasswordTableViewController.swift in Sources */,
				DCC408A41E2FCC9E00F29B0E /* PasswordStore.swift in Sources */,
				DCAAF7451E2FA66800AB94BC /* SettingsTableViewController.swift in Sources */,
				DCC277D21E30D6EA00402246 /* pass.xcdatamodeld in Sources */,
				DC917BD71E2E8231000FDF54 /* AppDelegate.swift in Sources */,
				DC3DC8391E2F63240062A988 /* PasswordDetailViewController.swift in Sources */,
				DC9C451C1E2F8CA7005845CA /* ChangeGitRepositoryTableViewController.swift in Sources */,
			);
			runOnlyForDeploymentPostprocessing = 0;
		};
/* End PBXSourcesBuildPhase section */

/* Begin PBXVariantGroup section */
		DC917BDA1E2E8231000FDF54 /* Main.storyboard */ = {
			isa = PBXVariantGroup;
			children = (
				DC917BDB1E2E8231000FDF54 /* Base */,
			);
			name = Main.storyboard;
			sourceTree = "<group>";
		};
		DC917BDF1E2E8231000FDF54 /* LaunchScreen.storyboard */ = {
			isa = PBXVariantGroup;
			children = (
				DC917BE01E2E8231000FDF54 /* Base */,
			);
			name = LaunchScreen.storyboard;
			sourceTree = "<group>";
		};
/* End PBXVariantGroup section */

/* Begin XCBuildConfiguration section */
		DC917BE31E2E8231000FDF54 /* Debug */ = {
			isa = XCBuildConfiguration;
			buildSettings = {
				ALWAYS_SEARCH_USER_PATHS = NO;
				CLANG_ANALYZER_NONNULL = YES;
				CLANG_CXX_LANGUAGE_STANDARD = "gnu++0x";
				CLANG_CXX_LIBRARY = "libc++";
				CLANG_ENABLE_MODULES = YES;
				CLANG_ENABLE_OBJC_ARC = YES;
				CLANG_WARN_BOOL_CONVERSION = YES;
				CLANG_WARN_CONSTANT_CONVERSION = YES;
				CLANG_WARN_DIRECT_OBJC_ISA_USAGE = YES_ERROR;
				CLANG_WARN_DOCUMENTATION_COMMENTS = YES;
				CLANG_WARN_EMPTY_BODY = YES;
				CLANG_WARN_ENUM_CONVERSION = YES;
				CLANG_WARN_INFINITE_RECURSION = YES;
				CLANG_WARN_INT_CONVERSION = YES;
				CLANG_WARN_OBJC_ROOT_CLASS = YES_ERROR;
				CLANG_WARN_SUSPICIOUS_MOVE = YES;
				CLANG_WARN_UNREACHABLE_CODE = YES;
				CLANG_WARN__DUPLICATE_METHOD_MATCH = YES;
				"CODE_SIGN_IDENTITY[sdk=iphoneos*]" = "iPhone Developer";
				COPY_PHASE_STRIP = NO;
				DEBUG_INFORMATION_FORMAT = dwarf;
				ENABLE_STRICT_OBJC_MSGSEND = YES;
				ENABLE_TESTABILITY = YES;
				GCC_C_LANGUAGE_STANDARD = gnu99;
				GCC_DYNAMIC_NO_PIC = NO;
				GCC_NO_COMMON_BLOCKS = YES;
				GCC_OPTIMIZATION_LEVEL = 0;
				GCC_PREPROCESSOR_DEFINITIONS = (
					"DEBUG=1",
					"$(inherited)",
				);
				GCC_WARN_64_TO_32_BIT_CONVERSION = YES;
				GCC_WARN_ABOUT_RETURN_TYPE = YES_ERROR;
				GCC_WARN_UNDECLARED_SELECTOR = YES;
				GCC_WARN_UNINITIALIZED_AUTOS = YES_AGGRESSIVE;
				GCC_WARN_UNUSED_FUNCTION = YES;
				GCC_WARN_UNUSED_VARIABLE = YES;
				IPHONEOS_DEPLOYMENT_TARGET = 10.2;
				MTL_ENABLE_DEBUG_INFO = YES;
				ONLY_ACTIVE_ARCH = YES;
				SDKROOT = iphoneos;
				SWIFT_ACTIVE_COMPILATION_CONDITIONS = DEBUG;
				SWIFT_OPTIMIZATION_LEVEL = "-Onone";
			};
			name = Debug;
		};
		DC917BE41E2E8231000FDF54 /* Release */ = {
			isa = XCBuildConfiguration;
			buildSettings = {
				ALWAYS_SEARCH_USER_PATHS = NO;
				CLANG_ANALYZER_NONNULL = YES;
				CLANG_CXX_LANGUAGE_STANDARD = "gnu++0x";
				CLANG_CXX_LIBRARY = "libc++";
				CLANG_ENABLE_MODULES = YES;
				CLANG_ENABLE_OBJC_ARC = YES;
				CLANG_WARN_BOOL_CONVERSION = YES;
				CLANG_WARN_CONSTANT_CONVERSION = YES;
				CLANG_WARN_DIRECT_OBJC_ISA_USAGE = YES_ERROR;
				CLANG_WARN_DOCUMENTATION_COMMENTS = YES;
				CLANG_WARN_EMPTY_BODY = YES;
				CLANG_WARN_ENUM_CONVERSION = YES;
				CLANG_WARN_INFINITE_RECURSION = YES;
				CLANG_WARN_INT_CONVERSION = YES;
				CLANG_WARN_OBJC_ROOT_CLASS = YES_ERROR;
				CLANG_WARN_SUSPICIOUS_MOVE = YES;
				CLANG_WARN_UNREACHABLE_CODE = YES;
				CLANG_WARN__DUPLICATE_METHOD_MATCH = YES;
				"CODE_SIGN_IDENTITY[sdk=iphoneos*]" = "iPhone Developer";
				COPY_PHASE_STRIP = NO;
				DEBUG_INFORMATION_FORMAT = "dwarf-with-dsym";
				ENABLE_NS_ASSERTIONS = NO;
				ENABLE_STRICT_OBJC_MSGSEND = YES;
				GCC_C_LANGUAGE_STANDARD = gnu99;
				GCC_NO_COMMON_BLOCKS = YES;
				GCC_WARN_64_TO_32_BIT_CONVERSION = YES;
				GCC_WARN_ABOUT_RETURN_TYPE = YES_ERROR;
				GCC_WARN_UNDECLARED_SELECTOR = YES;
				GCC_WARN_UNINITIALIZED_AUTOS = YES_AGGRESSIVE;
				GCC_WARN_UNUSED_FUNCTION = YES;
				GCC_WARN_UNUSED_VARIABLE = YES;
				IPHONEOS_DEPLOYMENT_TARGET = 10.2;
				MTL_ENABLE_DEBUG_INFO = NO;
				SDKROOT = iphoneos;
				SWIFT_OPTIMIZATION_LEVEL = "-Owholemodule";
				VALIDATE_PRODUCT = YES;
			};
			name = Release;
		};
		DC917BE61E2E8231000FDF54 /* Debug */ = {
			isa = XCBuildConfiguration;
			buildSettings = {
				ASSETCATALOG_COMPILER_APPICON_NAME = AppIcon;
				DEVELOPMENT_TEAM = 779BQYPRCF;
				FRAMEWORK_SEARCH_PATHS = (
					"$(inherited)",
					"$(PROJECT_DIR)/Carthage/Build/iOS",
				);
				INFOPLIST_FILE = pass/Info.plist;
				LD_RUNPATH_SEARCH_PATHS = "$(inherited) @executable_path/Frameworks";
				PRODUCT_BUNDLE_IDENTIFIER = me.mssun.pass;
				PRODUCT_NAME = "$(TARGET_NAME)";
				SWIFT_VERSION = 3.0;
			};
			name = Debug;
		};
		DC917BE71E2E8231000FDF54 /* Release */ = {
			isa = XCBuildConfiguration;
			buildSettings = {
				ASSETCATALOG_COMPILER_APPICON_NAME = AppIcon;
				DEVELOPMENT_TEAM = 779BQYPRCF;
				FRAMEWORK_SEARCH_PATHS = (
					"$(inherited)",
					"$(PROJECT_DIR)/Carthage/Build/iOS",
				);
				INFOPLIST_FILE = pass/Info.plist;
				LD_RUNPATH_SEARCH_PATHS = "$(inherited) @executable_path/Frameworks";
				PRODUCT_BUNDLE_IDENTIFIER = me.mssun.pass;
				PRODUCT_NAME = "$(TARGET_NAME)";
				SWIFT_VERSION = 3.0;
			};
			name = Release;
		};
/* End XCBuildConfiguration section */

/* Begin XCConfigurationList section */
		DC917BCE1E2E8231000FDF54 /* Build configuration list for PBXProject "pass" */ = {
			isa = XCConfigurationList;
			buildConfigurations = (
				DC917BE31E2E8231000FDF54 /* Debug */,
				DC917BE41E2E8231000FDF54 /* Release */,
			);
			defaultConfigurationIsVisible = 0;
			defaultConfigurationName = Release;
		};
		DC917BE51E2E8231000FDF54 /* Build configuration list for PBXNativeTarget "pass" */ = {
			isa = XCConfigurationList;
			buildConfigurations = (
				DC917BE61E2E8231000FDF54 /* Debug */,
				DC917BE71E2E8231000FDF54 /* Release */,
			);
			defaultConfigurationIsVisible = 0;
			defaultConfigurationName = Release;
		};
/* End XCConfigurationList section */

/* Begin XCVersionGroup section */
		DCC408C81E30BA1300F29B0E /* pass.xcdatamodeld */ = {
			isa = XCVersionGroup;
			children = (
				DCC408C91E30BA1300F29B0E /* pass.xcdatamodel */,
			);
			currentVersion = DCC408C91E30BA1300F29B0E /* pass.xcdatamodel */;
			path = pass.xcdatamodeld;
			sourceTree = "<group>";
			versionGroupType = wrapper.xcdatamodel;
		};
/* End XCVersionGroup section */
	};
	rootObject = DC917BCB1E2E8231000FDF54 /* Project object */;
}
